
Microsoft Visual Studio Solution File, Format Version 12.00
# Visual Studio Version 17
VisualStudioVersion = 17.4.33103.184
MinimumVisualStudioVersion = 10.0.40219.1
Project("{FAE04EC0-301F-11D3-BF4B-00C04F79EFBC}") = "Bytebank", "Bytebank\Bytebank.csproj", "{EBAE796F-59FE-46C2-AD26-D18A304157D6}"
EndProject
Project("{FAE04EC0-301F-11D3-BF4B-00C04F79EFBC}") = "DesafioSupermercado", "DesafioSupermecado\DesafioSupermercado.csproj", "{7FA04E04-5AA1-4CF0-BA91-3C5EC27792D4}"
EndProject
Global
	GlobalSection(SolutionConfigurationPlatforms) = preSolution
		Debug|Any CPU = Debug|Any CPU
		Release|Any CPU = Release|Any CPU
	EndGlobalSection
	GlobalSection(ProjectConfigurationPlatforms) = postSolution
		{EBAE796F-59FE-46C2-AD26-D18A304157D6}.Debug|Any CPU.ActiveCfg = Debug|Any CPU
		{EBAE796F-59FE-46C2-AD26-D18A304157D6}.Debug|Any CPU.Build.0 = Debug|Any CPU
		{EBAE796F-59FE-46C2-AD26-D18A304157D6}.Release|Any CPU.ActiveCfg = Release|Any CPU
		{EBAE796F-59FE-46C2-AD26-D18A304157D6}.Release|Any CPU.Build.0 = Release|Any CPU
		{7FA04E04-5AA1-4CF0-BA91-3C5EC27792D4}.Debug|Any CPU.ActiveCfg = Debug|Any CPU
		{7FA04E04-5AA1-4CF0-BA91-3C5EC27792D4}.Debug|Any CPU.Build.0 = Debug|Any CPU
		{7FA04E04-5AA1-4CF0-BA91-3C5EC27792D4}.Release|Any CPU.ActiveCfg = Release|Any CPU
		{7FA04E04-5AA1-4CF0-BA91-3C5EC27792D4}.Release|Any CPU.Build.0 = Release|Any CPU
	EndGlobalSection
	GlobalSection(SolutionProperties) = preSolution
		HideSolutionNode = FALSE
	EndGlobalSection
	GlobalSection(ExtensibilityGlobals) = postSolution
		SolutionGuid = {2685E344-4B27-4865-8B4A-0FF2872BCDE7}
	EndGlobalSection
EndGlobal
